// !$*UTF8*$!
{
	archiveVersion = 1;
	classes = {
	};
	objectVersion = 46;
	objects = {

/* Begin PBXBuildFile section */
		4D116BDE1AAE5AA900C07E45 /* AppDelegate.swift in Sources */ = {isa = PBXBuildFile; fileRef = 4D116BDD1AAE5AA900C07E45 /* AppDelegate.swift */; };
		4D116BE11AAE5AA900C07E45 /* CoreDataMasterDetail.xcdatamodeld in Sources */ = {isa = PBXBuildFile; fileRef = 4D116BDF1AAE5AA900C07E45 /* CoreDataMasterDetail.xcdatamodeld */; };
		4D116BE31AAE5AA900C07E45 /* MasterViewController.swift in Sources */ = {isa = PBXBuildFile; fileRef = 4D116BE21AAE5AA900C07E45 /* MasterViewController.swift */; };
		4D116BE51AAE5AA900C07E45 /* DetailViewController.swift in Sources */ = {isa = PBXBuildFile; fileRef = 4D116BE41AAE5AA900C07E45 /* DetailViewController.swift */; };
		4D116BE81AAE5AA900C07E45 /* Main.storyboard in Resources */ = {isa = PBXBuildFile; fileRef = 4D116BE61AAE5AA900C07E45 /* Main.storyboard */; };
		4D116BEA1AAE5AA900C07E45 /* Images.xcassets in Resources */ = {isa = PBXBuildFile; fileRef = 4D116BE91AAE5AA900C07E45 /* Images.xcassets */; };
		4D116BED1AAE5AA900C07E45 /* LaunchScreen.xib in Resources */ = {isa = PBXBuildFile; fileRef = 4D116BEB1AAE5AA900C07E45 /* LaunchScreen.xib */; };
		4D116BF91AAE5AA900C07E45 /* CoreDataMasterDetailTests.swift in Sources */ = {isa = PBXBuildFile; fileRef = 4D116BF81AAE5AA900C07E45 /* CoreDataMasterDetailTests.swift */; };
		4D116C031AAE5BDA00C07E45 /* Event.swift in Sources */ = {isa = PBXBuildFile; fileRef = 4D116C021AAE5BDA00C07E45 /* Event.swift */; };
/* End PBXBuildFile section */

/* Begin PBXContainerItemProxy section */
		4D116BF31AAE5AA900C07E45 /* PBXContainerItemProxy */ = {
			isa = PBXContainerItemProxy;
			containerPortal = 4D116BD01AAE5AA900C07E45 /* Project object */;
			proxyType = 1;
			remoteGlobalIDString = 4D116BD71AAE5AA900C07E45;
			remoteInfo = CoreDataMasterDetail;
		};
/* End PBXContainerItemProxy section */

/* Begin PBXFileReference section */
		4D116BD81AAE5AA900C07E45 /* CoreDataMasterDetail.app */ = {isa = PBXFileReference; explicitFileType = wrapper.application; includeInIndex = 0; path = CoreDataMasterDetail.app; sourceTree = BUILT_PRODUCTS_DIR; };
		4D116BDC1AAE5AA900C07E45 /* Info.plist */ = {isa = PBXFileReference; lastKnownFileType = text.plist.xml; path = Info.plist; sourceTree = "<group>"; };
		4D116BDD1AAE5AA900C07E45 /* AppDelegate.swift */ = {isa = PBXFileReference; lastKnownFileType = sourcecode.swift; path = AppDelegate.swift; sourceTree = "<group>"; };
		4D116BE01AAE5AA900C07E45 /* CoreDataMasterDetail.xcdatamodel */ = {isa = PBXFileReference; lastKnownFileType = wrapper.xcdatamodel; path = CoreDataMasterDetail.xcdatamodel; sourceTree = "<group>"; };
		4D116BE21AAE5AA900C07E45 /* MasterViewController.swift */ = {isa = PBXFileReference; lastKnownFileType = sourcecode.swift; path = MasterViewController.swift; sourceTree = "<group>"; };
		4D116BE41AAE5AA900C07E45 /* DetailViewController.swift */ = {isa = PBXFileReference; lastKnownFileType = sourcecode.swift; path = DetailViewController.swift; sourceTree = "<group>"; };
		4D116BE71AAE5AA900C07E45 /* Base */ = {isa = PBXFileReference; lastKnownFileType = file.storyboard; name = Base; path = Base.lproj/Main.storyboard; sourceTree = "<group>"; };
		4D116BE91AAE5AA900C07E45 /* Images.xcassets */ = {isa = PBXFileReference; lastKnownFileType = folder.assetcatalog; path = Images.xcassets; sourceTree = "<group>"; };
		4D116BEC1AAE5AA900C07E45 /* Base */ = {isa = PBXFileReference; lastKnownFileType = file.xib; name = Base; path = Base.lproj/LaunchScreen.xib; sourceTree = "<group>"; };
		4D116BF21AAE5AA900C07E45 /* CoreDataMasterDetailTests.xctest */ = {isa = PBXFileReference; explicitFileType = wrapper.cfbundle; includeInIndex = 0; path = CoreDataMasterDetailTests.xctest; sourceTree = BUILT_PRODUCTS_DIR; };
		4D116BF71AAE5AA900C07E45 /* Info.plist */ = {isa = PBXFileReference; lastKnownFileType = text.plist.xml; path = Info.plist; sourceTree = "<group>"; };
		4D116BF81AAE5AA900C07E45 /* CoreDataMasterDetailTests.swift */ = {isa = PBXFileReference; lastKnownFileType = sourcecode.swift; path = CoreDataMasterDetailTests.swift; sourceTree = "<group>"; };
		4D116C021AAE5BDA00C07E45 /* Event.swift */ = {isa = PBXFileReference; fileEncoding = 4; lastKnownFileType = sourcecode.swift; path = Event.swift; sourceTree = "<group>"; };
/* End PBXFileReference section */

/* Begin PBXFrameworksBuildPhase section */
		4D116BD51AAE5AA900C07E45 /* Frameworks */ = {
			isa = PBXFrameworksBuildPhase;
			buildActionMask = 2147483647;
			files = (
			);
			runOnlyForDeploymentPostprocessing = 0;
		};
		4D116BEF1AAE5AA900C07E45 /* Frameworks */ = {
			isa = PBXFrameworksBuildPhase;
			buildActionMask = 2147483647;
			files = (
			);
			runOnlyForDeploymentPostprocessing = 0;
		};
/* End PBXFrameworksBuildPhase section */

/* Begin PBXGroup section */
		4D116BCF1AAE5AA900C07E45 = {
			isa = PBXGroup;
			children = (
				4D116BDA1AAE5AA900C07E45 /* CoreDataMasterDetail */,
				4D116BF51AAE5AA900C07E45 /* CoreDataMasterDetailTests */,
				4D116BD91AAE5AA900C07E45 /* Products */,
			);
			sourceTree = "<group>";
		};
		4D116BD91AAE5AA900C07E45 /* Products */ = {
			isa = PBXGroup;
			children = (
				4D116BD81AAE5AA900C07E45 /* CoreDataMasterDetail.app */,
				4D116BF21AAE5AA900C07E45 /* CoreDataMasterDetailTests.xctest */,
			);
			name = Products;
			sourceTree = "<group>";
		};
		4D116BDA1AAE5AA900C07E45 /* CoreDataMasterDetail */ = {
			isa = PBXGroup;
			children = (
				4D116C021AAE5BDA00C07E45 /* Event.swift */,
				4D116BDD1AAE5AA900C07E45 /* AppDelegate.swift */,
				4D116BE21AAE5AA900C07E45 /* MasterViewController.swift */,
				4D116BE41AAE5AA900C07E45 /* DetailViewController.swift */,
				4D116BE61AAE5AA900C07E45 /* Main.storyboard */,
				4D116BE91AAE5AA900C07E45 /* Images.xcassets */,
				4D116BEB1AAE5AA900C07E45 /* LaunchScreen.xib */,
				4D116BDF1AAE5AA900C07E45 /* CoreDataMasterDetail.xcdatamodeld */,
				4D116BDB1AAE5AA900C07E45 /* Supporting Files */,
			);
			path = CoreDataMasterDetail;
			sourceTree = "<group>";
		};
		4D116BDB1AAE5AA900C07E45 /* Supporting Files */ = {
			isa = PBXGroup;
			children = (
				4D116BDC1AAE5AA900C07E45 /* Info.plist */,
			);
			name = "Supporting Files";
			sourceTree = "<group>";
		};
		4D116BF51AAE5AA900C07E45 /* CoreDataMasterDetailTests */ = {
			isa = PBXGroup;
			children = (
				4D116BF81AAE5AA900C07E45 /* CoreDataMasterDetailTests.swift */,
				4D116BF61AAE5AA900C07E45 /* Supporting Files */,
			);
			path = CoreDataMasterDetailTests;
			sourceTree = "<group>";
		};
		4D116BF61AAE5AA900C07E45 /* Supporting Files */ = {
			isa = PBXGroup;
			children = (
				4D116BF71AAE5AA900C07E45 /* Info.plist */,
			);
			name = "Supporting Files";
			sourceTree = "<group>";
		};
/* End PBXGroup section */

/* Begin PBXNativeTarget section */
		4D116BD71AAE5AA900C07E45 /* CoreDataMasterDetail */ = {
			isa = PBXNativeTarget;
			buildConfigurationList = 4D116BFC1AAE5AA900C07E45 /* Build configuration list for PBXNativeTarget "CoreDataMasterDetail" */;
			buildPhases = (
				4D116BD41AAE5AA900C07E45 /* Sources */,
				4D116BD51AAE5AA900C07E45 /* Frameworks */,
				4D116BD61AAE5AA900C07E45 /* Resources */,
			);
			buildRules = (
			);
			dependencies = (
			);
			name = CoreDataMasterDetail;
			productName = CoreDataMasterDetail;
			productReference = 4D116BD81AAE5AA900C07E45 /* CoreDataMasterDetail.app */;
			productType = "com.apple.product-type.application";
		};
		4D116BF11AAE5AA900C07E45 /* CoreDataMasterDetailTests */ = {
			isa = PBXNativeTarget;
			buildConfigurationList = 4D116BFF1AAE5AA900C07E45 /* Build configuration list for PBXNativeTarget "CoreDataMasterDetailTests" */;
			buildPhases = (
				4D116BEE1AAE5AA900C07E45 /* Sources */,
				4D116BEF1AAE5AA900C07E45 /* Frameworks */,
				4D116BF01AAE5AA900C07E45 /* Resources */,
			);
			buildRules = (
			);
			dependencies = (
				4D116BF41AAE5AA900C07E45 /* PBXTargetDependency */,
			);
			name = CoreDataMasterDetailTests;
			productName = CoreDataMasterDetailTests;
			productReference = 4D116BF21AAE5AA900C07E45 /* CoreDataMasterDetailTests.xctest */;
			productType = "com.apple.product-type.bundle.unit-test";
		};
/* End PBXNativeTarget section */

/* Begin PBXProject section */
		4D116BD01AAE5AA900C07E45 /* Project object */ = {
			isa = PBXProject;
			attributes = {
				LastSwiftUpdateCheck = 0700;
				LastUpgradeCheck = 0700;
				ORGANIZATIONNAME = Udacity;
				TargetAttributes = {
					4D116BD71AAE5AA900C07E45 = {
						CreatedOnToolsVersion = 6.1.1;
					};
					4D116BF11AAE5AA900C07E45 = {
						CreatedOnToolsVersion = 6.1.1;
						TestTargetID = 4D116BD71AAE5AA900C07E45;
					};
				};
			};
			buildConfigurationList = 4D116BD31AAE5AA900C07E45 /* Build configuration list for PBXProject "CoreDataMasterDetail" */;
			compatibilityVersion = "Xcode 3.2";
			developmentRegion = English;
			hasScannedForEncodings = 0;
			knownRegions = (
				en,
				Base,
			);
			mainGroup = 4D116BCF1AAE5AA900C07E45;
			productRefGroup = 4D116BD91AAE5AA900C07E45 /* Products */;
			projectDirPath = "";
			projectRoot = "";
			targets = (
				4D116BD71AAE5AA900C07E45 /* CoreDataMasterDetail */,
				4D116BF11AAE5AA900C07E45 /* CoreDataMasterDetailTests */,
			);
		};
/* End PBXProject section */

/* Begin PBXResourcesBuildPhase section */
		4D116BD61AAE5AA900C07E45 /* Resources */ = {
			isa = PBXResourcesBuildPhase;
			buildActionMask = 2147483647;
			files = (
				4D116BE81AAE5AA900C07E45 /* Main.storyboard in Resources */,
				4D116BED1AAE5AA900C07E45 /* LaunchScreen.xib in Resources */,
				4D116BEA1AAE5AA900C07E45 /* Images.xcassets in Resources */,
			);
			runOnlyForDeploymentPostprocessing = 0;
		};
		4D116BF01AAE5AA900C07E45 /* Resources */ = {
			isa = PBXResourcesBuildPhase;
			buildActionMask = 2147483647;
			files = (
			);
			runOnlyForDeploymentPostprocessing = 0;
		};
/* End PBXResourcesBuildPhase section */

/* Begin PBXSourcesBuildPhase section */
		4D116BD41AAE5AA900C07E45 /* Sources */ = {
			isa = PBXSourcesBuildPhase;
			buildActionMask = 2147483647;
			files = (
				4D116BDE1AAE5AA900C07E45 /* AppDelegate.swift in Sources */,
				4D116BE11AAE5AA900C07E45 /* CoreDataMasterDetail.xcdatamodeld in Sources */,
				4D116BE31AAE5AA900C07E45 /* MasterViewController.swift in Sources */,
				4D116BE51AAE5AA900C07E45 /* DetailViewController.swift in Sources */,
				4D116C031AAE5BDA00C07E45 /* Event.swift in Sources */,
			);
			runOnlyForDeploymentPostprocessing = 0;
		};
		4D116BEE1AAE5AA900C07E45 /* Sources */ = {
			isa = PBXSourcesBuildPhase;
			buildActionMask = 2147483647;
			files = (
				4D116BF91AAE5AA900C07E45 /* CoreDataMasterDetailTests.swift in Sources */,
			);
			runOnlyForDeploymentPostprocessing = 0;
		};
/* End PBXSourcesBuildPhase section */

/* Begin PBXTargetDependency section */
		4D116BF41AAE5AA900C07E45 /* PBXTargetDependency */ = {
			isa = PBXTargetDependency;
			target = 4D116BD71AAE5AA900C07E45 /* CoreDataMasterDetail */;
			targetProxy = 4D116BF31AAE5AA900C07E45 /* PBXContainerItemProxy */;
		};
/* End PBXTargetDependency section */

/* Begin PBXVariantGroup section */
		4D116BE61AAE5AA900C07E45 /* Main.storyboard */ = {
			isa = PBXVariantGroup;
			children = (
				4D116BE71AAE5AA900C07E45 /* Base */,
			);
			name = Main.storyboard;
			sourceTree = "<group>";
		};
		4D116BEB1AAE5AA900C07E45 /* LaunchScreen.xib */ = {
			isa = PBXVariantGroup;
			children = (
				4D116BEC1AAE5AA900C07E45 /* Base */,
			);
			name = LaunchScreen.xib;
			sourceTree = "<group>";
		};
/* End PBXVariantGroup section */

/* Begin XCBuildConfiguration section */
		4D116BFA1AAE5AA900C07E45 /* Debug */ = {
			isa = XCBuildConfiguration;
			buildSettings = {
				ALWAYS_SEARCH_USER_PATHS = NO;
				CLANG_CXX_LANGUAGE_STANDARD = "gnu++0x";
				CLANG_CXX_LIBRARY = "libc++";
				CLANG_ENABLE_MODULES = YES;
				CLANG_ENABLE_OBJC_ARC = YES;
				CLANG_WARN_BOOL_CONVERSION = YES;
				CLANG_WARN_CONSTANT_CONVERSION = YES;
				CLANG_WARN_DIRECT_OBJC_ISA_USAGE = YES_ERROR;
				CLANG_WARN_EMPTY_BODY = YES;
				CLANG_WARN_ENUM_CONVERSION = YES;
				CLANG_WARN_INT_CONVERSION = YES;
				CLANG_WARN_OBJC_ROOT_CLASS = YES_ERROR;
				CLANG_WARN_UNREACHABLE_CODE = YES;
				CLANG_WARN__DUPLICATE_METHOD_MATCH = YES;
				"CODE_SIGN_IDENTITY[sdk=iphoneos*]" = "iPhone Developer";
				COPY_PHASE_STRIP = NO;
				ENABLE_STRICT_OBJC_MSGSEND = YES;
				ENABLE_TESTABILITY = YES;
				GCC_C_LANGUAGE_STANDARD = gnu99;
				GCC_DYNAMIC_NO_PIC = NO;
				GCC_OPTIMIZATION_LEVEL = 0;
				GCC_PREPROCESSOR_DEFINITIONS = (
					"DEBUG=1",
					"$(inherited)",
				);
				GCC_SYMBOLS_PRIVATE_EXTERN = NO;
				GCC_WARN_64_TO_32_BIT_CONVERSION = YES;
				GCC_WARN_ABOUT_RETURN_TYPE = YES_ERROR;
				GCC_WARN_UNDECLARED_SELECTOR = YES;
				GCC_WARN_UNINITIALIZED_AUTOS = YES_AGGRESSIVE;
				GCC_WARN_UNUSED_FUNCTION = YES;
				GCC_WARN_UNUSED_VARIABLE = YES;
				IPHONEOS_DEPLOYMENT_TARGET = 8.1;
				MTL_ENABLE_DEBUG_INFO = YES;
				ONLY_ACTIVE_ARCH = YES;
				SDKROOT = iphoneos;
				SWIFT_OPTIMIZATION_LEVEL = "-Onone";
			};
			name = Debug;
		};
		4D116BFB1AAE5AA900C07E45 /* Release */ = {
			isa = XCBuildConfiguration;
			buildSettings = {
				ALWAYS_SEARCH_USER_PATHS = NO;
				CLANG_CXX_LANGUAGE_STANDARD = "gnu++0x";
				CLANG_CXX_LIBRARY = "libc++";
				CLANG_ENABLE_MODULES = YES;
				CLANG_ENABLE_OBJC_ARC = YES;
				CLANG_WARN_BOOL_CONVERSION = YES;
				CLANG_WARN_CONSTANT_CONVERSION = YES;
				CLANG_WARN_DIRECT_OBJC_ISA_USAGE = YES_ERROR;
				CLANG_WARN_EMPTY_BODY = YES;
				CLANG_WARN_ENUM_CONVERSION = YES;
				CLANG_WARN_INT_CONVERSION = YES;
				CLANG_WARN_OBJC_ROOT_CLASS = YES_ERROR;
				CLANG_WARN_UNREACHABLE_CODE = YES;
				CLANG_WARN__DUPLICATE_METHOD_MATCH = YES;
				"CODE_SIGN_IDENTITY[sdk=iphoneos*]" = "iPhone Developer";
				COPY_PHASE_STRIP = YES;
				ENABLE_NS_ASSERTIONS = NO;
				ENABLE_STRICT_OBJC_MSGSEND = YES;
				GCC_C_LANGUAGE_STANDARD = gnu99;
				GCC_WARN_64_TO_32_BIT_CONVERSION = YES;
				GCC_WARN_ABOUT_RETURN_TYPE = YES_ERROR;
				GCC_WARN_UNDECLARED_SELECTOR = YES;
				GCC_WARN_UNINITIALIZED_AUTOS = YES_AGGRESSIVE;
				GCC_WARN_UNUSED_FUNCTION = YES;
				GCC_WARN_UNUSED_VARIABLE = YES;
				IPHONEOS_DEPLOYMENT_TARGET = 8.1;
				MTL_ENABLE_DEBUG_INFO = NO;
				SDKROOT = iphoneos;
				VALIDATE_PRODUCT = YES;
			};
			name = Release;
		};
		4D116BFD1AAE5AA900C07E45 /* Debug */ = {
			isa = XCBuildConfiguration;
			buildSettings = {
				ASSETCATALOG_COMPILER_APPICON_NAME = AppIcon;
				INFOPLIST_FILE = CoreDataMasterDetail/Info.plist;
				LD_RUNPATH_SEARCH_PATHS = "$(inherited) @executable_path/Frameworks";
				PRODUCT_BUNDLE_IDENTIFIER = "Udacity.$(PRODUCT_NAME:rfc1034identifier)";
				PRODUCT_NAME = "$(TARGET_NAME)";
			};
			name = Debug;
		};
		4D116BFE1AAE5AA900C07E45 /* Release */ = {
			isa = XCBuildConfiguration;
			buildSettings = {
				ASSETCATALOG_COMPILER_APPICON_NAME = AppIcon;
				INFOPLIST_FILE = CoreDataMasterDetail/Info.plist;
				LD_RUNPATH_SEARCH_PATHS = "$(inherited) @executable_path/Frameworks";
				PRODUCT_BUNDLE_IDENTIFIER = "Udacity.$(PRODUCT_NAME:rfc1034identifier)";
				PRODUCT_NAME = "$(TARGET_NAME)";
			};
			name = Release;
		};
		4D116C001AAE5AA900C07E45 /* Debug */ = {
			isa = XCBuildConfiguration;
			buildSettings = {
				BUNDLE_LOADER = "$(TEST_HOST)";
				FRAMEWORK_SEARCH_PATHS = (
					"$(SDKROOT)/Developer/Library/Frameworks",
					"$(inherited)",
				);
				GCC_PREPROCESSOR_DEFINITIONS = (
					"DEBUG=1",
					"$(inherited)",
				);
				INFOPLIST_FILE = CoreDataMasterDetailTests/Info.plist;
				LD_RUNPATH_SEARCH_PATHS = "$(inherited) @executable_path/Frameworks @loader_path/Frameworks";
				PRODUCT_BUNDLE_IDENTIFIER = "Udacity.$(PRODUCT_NAME:rfc1034identifier)";
				PRODUCT_NAME = "$(TARGET_NAME)";
				TEST_HOST = "$(BUILT_PRODUCTS_DIR)/CoreDataMasterDetail.app/CoreDataMasterDetail";
			};
			name = Debug;
		};
		4D116C011AAE5AA900C07E45 /* Release */ = {
			isa = XCBuildConfiguration;
			buildSettings = {
				BUNDLE_LOADER = "$(TEST_HOST)";
				FRAMEWORK_SEARCH_PATHS = (
					"$(SDKROOT)/Developer/Library/Frameworks",
					"$(inherited)",
				);
				INFOPLIST_FILE = CoreDataMasterDetailTests/Info.plist;
				LD_RUNPATH_SEARCH_PATHS = "$(inherited) @executable_path/Frameworks @loader_path/Frameworks";
				PRODUCT_BUNDLE_IDENTIFIER = "Udacity.$(PRODUCT_NAME:rfc1034identifier)";
				PRODUCT_NAME = "$(TARGET_NAME)";
				TEST_HOST = "$(BUILT_PRODUCTS_DIR)/CoreDataMasterDetail.app/CoreDataMasterDetail";
			};
			name = Release;
		};
/* End XCBuildConfiguration section */

/* Begin XCConfigurationList section */
		4D116BD31AAE5AA900C07E45 /* Build configuration list for PBXProject "CoreDataMasterDetail" */ = {
			isa = XCConfigurationList;
			buildConfigurations = (
				4D116BFA1AAE5AA900C07E45 /* Debug */,
				4D116BFB1AAE5AA900C07E45 /* Release */,
			);
			defaultConfigurationIsVisible = 0;
			defaultConfigurationName = Release;
		};
		4D116BFC1AAE5AA900C07E45 /* Build configuration list for PBXNativeTarget "CoreDataMasterDetail" */ = {
			isa = XCConfigurationList;
			buildConfigurations = (
				4D116BFD1AAE5AA900C07E45 /* Debug */,
				4D116BFE1AAE5AA900C07E45 /* Release */,
			);
			defaultConfigurationIsVisible = 0;
			defaultConfigurationName = Release;
		};
		4D116BFF1AAE5AA900C07E45 /* Build configuration list for PBXNativeTarget "CoreDataMasterDetailTests" */ = {
			isa = XCConfigurationList;
			buildConfigurations = (
				4D116C001AAE5AA900C07E45 /* Debug */,
				4D116C011AAE5AA900C07E45 /* Release */,
			);
			defaultConfigurationIsVisible = 0;
			defaultConfigurationName = Release;
		};
/* End XCConfigurationList section */

/* Begin XCVersionGroup section */
		4D116BDF1AAE5AA900C07E45 /* CoreDataMasterDetail.xcdatamodeld */ = {
			isa = XCVersionGroup;
			children = (
				4D116BE01AAE5AA900C07E45 /* CoreDataMasterDetail.xcdatamodel */,
			);
			currentVersion = 4D116BE01AAE5AA900C07E45 /* CoreDataMasterDetail.xcdatamodel */;
			path = CoreDataMasterDetail.xcdatamodeld;
			sourceTree = "<group>";
			versionGroupType = wrapper.xcdatamodel;
		};
/* End XCVersionGroup section */
	};
	rootObject = 4D116BD01AAE5AA900C07E45 /* Project object */;
}
